
Microsoft Visual Studio Solution File, Format Version 12.00
# Visual Studio 15
VisualStudioVersion = 15.0.26730.12
MinimumVisualStudioVersion = 10.0.40219.1
Project("{FAE04EC0-301F-11D3-BF4B-00C04F79EFBC}") = "HonestMiddleware", "src\HonestMiddleware\HonestMiddleware.csproj", "{80CB2743-9C3B-462F-8713-8B922152E89A}"
EndProject
Global
	GlobalSection(SolutionConfigurationPlatforms) = preSolution
		Debug|Any CPU = Debug|Any CPU
		Release|Any CPU = Release|Any CPU
	EndGlobalSection
	GlobalSection(ProjectConfigurationPlatforms) = postSolution
		{80CB2743-9C3B-462F-8713-8B922152E89A}.Debug|Any CPU.ActiveCfg = Debug|Any CPU
		{80CB2743-9C3B-462F-8713-8B922152E89A}.Debug|Any CPU.Build.0 = Debug|Any CPU
		{80CB2743-9C3B-462F-8713-8B922152E89A}.Release|Any CPU.ActiveCfg = Release|Any CPU
		{80CB2743-9C3B-462F-8713-8B922152E89A}.Release|Any CPU.Build.0 = Release|Any CPU
	EndGlobalSection
	GlobalSection(SolutionProperties) = preSolution
		HideSolutionNode = FALSE
	EndGlobalSection
	GlobalSection(ExtensibilityGlobals) = postSolution
		SolutionGuid = {33B074FE-38AA-487C-B1D9-C50183E4A07E}
	EndGlobalSection
EndGlobal
