
Microsoft Visual Studio Solution File, Format Version 12.00
# Visual Studio 15
VisualStudioVersion = 15.0.26730.12
MinimumVisualStudioVersion = 10.0.40219.1
Project("{9A19103F-16F7-4668-BE54-9A1E7A4F7556}") = "HonestMiddleware", "src\HonestMiddleware\HonestMiddleware.csproj", "{80CB2743-9C3B-462F-8713-8B922152E89A}"
EndProject
Project("{2150E333-8FDC-42A3-9474-1A3956D46DE8}") = "Included", "Included", "{967BCB5F-21F9-4672-B157-AC473E713DB0}"
	ProjectSection(SolutionItems) = preProject
		README.md = README.md
	EndProjectSection
EndProject
Global
	GlobalSection(SolutionConfigurationPlatforms) = preSolution
		Debug|Any CPU = Debug|Any CPU
		Release|Any CPU = Release|Any CPU
	EndGlobalSection
	GlobalSection(ProjectConfigurationPlatforms) = postSolution
		{80CB2743-9C3B-462F-8713-8B922152E89A}.Debug|Any CPU.ActiveCfg = Debug|Any CPU
		{80CB2743-9C3B-462F-8713-8B922152E89A}.Debug|Any CPU.Build.0 = Debug|Any CPU
		{80CB2743-9C3B-462F-8713-8B922152E89A}.Release|Any CPU.ActiveCfg = Release|Any CPU
		{80CB2743-9C3B-462F-8713-8B922152E89A}.Release|Any CPU.Build.0 = Release|Any CPU
	EndGlobalSection
	GlobalSection(SolutionProperties) = preSolution
		HideSolutionNode = FALSE
	EndGlobalSection
	GlobalSection(ExtensibilityGlobals) = postSolution
		SolutionGuid = {33B074FE-38AA-487C-B1D9-C50183E4A07E}
	EndGlobalSection
EndGlobal
